
Microsoft Visual Studio Solution File, Format Version 12.00
# Visual Studio Version 17
VisualStudioVersion = 17.2.32602.215
MinimumVisualStudioVersion = 10.0.40219.1
Project("{FAE04EC0-301F-11D3-BF4B-00C04F79EFBC}") = "QLTC", "QLTC\QLTC.csproj", "{A8B5ACBD-AF1F-4044-8E28-3A4993A1CE39}"
EndProject
Global
	GlobalSection(SolutionConfigurationPlatforms) = preSolution
		Debug|Any CPU = Debug|Any CPU
		Release|Any CPU = Release|Any CPU
	EndGlobalSection
	GlobalSection(ProjectConfigurationPlatforms) = postSolution
		{A8B5ACBD-AF1F-4044-8E28-3A4993A1CE39}.Debug|Any CPU.ActiveCfg = Debug|Any CPU
		{A8B5ACBD-AF1F-4044-8E28-3A4993A1CE39}.Debug|Any CPU.Build.0 = Debug|Any CPU
		{A8B5ACBD-AF1F-4044-8E28-3A4993A1CE39}.Release|Any CPU.ActiveCfg = Release|Any CPU
		{A8B5ACBD-AF1F-4044-8E28-3A4993A1CE39}.Release|Any CPU.Build.0 = Release|Any CPU
	EndGlobalSection
	GlobalSection(SolutionProperties) = preSolution
		HideSolutionNode = FALSE
	EndGlobalSection
	GlobalSection(ExtensibilityGlobals) = postSolution
		SolutionGuid = {C32DF919-4AC4-45AD-916C-D3329EB31FA7}
	EndGlobalSection
EndGlobal
